
Microsoft Visual Studio Solution File, Format Version 12.00
# Visual Studio Version 16
VisualStudioVersion = 16.0.30413.136
MinimumVisualStudioVersion = 10.0.40219.1
Project("{9A19103F-16F7-4668-BE54-9A1E7A4F7556}") = "TestHandler", "Spreadsheet Test Client\TestHandler.csproj", "{8927709D-BA99-4017-94ED-8C8F3AC13110}"
EndProject
Project("{FAE04EC0-301F-11D3-BF4B-00C04F79EFBC}") = "NetworkController", "NetworkController(1)\NetworkController.csproj", "{FA96F332-5D40-4923-9B98-FFB3A2FF5751}"
EndProject
Project("{FAE04EC0-301F-11D3-BF4B-00C04F79EFBC}") = "GhostClient", "GhostClient(1)\GhostClient.csproj", "{D0B59A53-4D32-4DC0-A7D2-DAC21DBAA344}"
EndProject
Global
	GlobalSection(SolutionConfigurationPlatforms) = preSolution
		Debug|Any CPU = Debug|Any CPU
		Debug|x64 = Debug|x64
		Release|Any CPU = Release|Any CPU
		Release|x64 = Release|x64
	EndGlobalSection
	GlobalSection(ProjectConfigurationPlatforms) = postSolution
		{8927709D-BA99-4017-94ED-8C8F3AC13110}.Debug|Any CPU.ActiveCfg = Debug|Any CPU
		{8927709D-BA99-4017-94ED-8C8F3AC13110}.Debug|Any CPU.Build.0 = Debug|Any CPU
		{8927709D-BA99-4017-94ED-8C8F3AC13110}.Debug|x64.ActiveCfg = Debug|Any CPU
		{8927709D-BA99-4017-94ED-8C8F3AC13110}.Debug|x64.Build.0 = Debug|Any CPU
		{8927709D-BA99-4017-94ED-8C8F3AC13110}.Release|Any CPU.ActiveCfg = Debug|Any CPU
		{8927709D-BA99-4017-94ED-8C8F3AC13110}.Release|Any CPU.Build.0 = Debug|Any CPU
		{8927709D-BA99-4017-94ED-8C8F3AC13110}.Release|x64.ActiveCfg = Release|Any CPU
		{8927709D-BA99-4017-94ED-8C8F3AC13110}.Release|x64.Build.0 = Release|Any CPU
		{FA96F332-5D40-4923-9B98-FFB3A2FF5751}.Debug|Any CPU.ActiveCfg = Debug|Any CPU
		{FA96F332-5D40-4923-9B98-FFB3A2FF5751}.Debug|Any CPU.Build.0 = Debug|Any CPU
		{FA96F332-5D40-4923-9B98-FFB3A2FF5751}.Debug|x64.ActiveCfg = Debug|Any CPU
		{FA96F332-5D40-4923-9B98-FFB3A2FF5751}.Debug|x64.Build.0 = Debug|Any CPU
		{FA96F332-5D40-4923-9B98-FFB3A2FF5751}.Release|Any CPU.ActiveCfg = Release|Any CPU
		{FA96F332-5D40-4923-9B98-FFB3A2FF5751}.Release|Any CPU.Build.0 = Release|Any CPU
		{FA96F332-5D40-4923-9B98-FFB3A2FF5751}.Release|x64.ActiveCfg = Release|Any CPU
		{FA96F332-5D40-4923-9B98-FFB3A2FF5751}.Release|x64.Build.0 = Release|Any CPU
		{D0B59A53-4D32-4DC0-A7D2-DAC21DBAA344}.Debug|Any CPU.ActiveCfg = Debug|Any CPU
		{D0B59A53-4D32-4DC0-A7D2-DAC21DBAA344}.Debug|Any CPU.Build.0 = Debug|Any CPU
		{D0B59A53-4D32-4DC0-A7D2-DAC21DBAA344}.Debug|x64.ActiveCfg = Debug|Any CPU
		{D0B59A53-4D32-4DC0-A7D2-DAC21DBAA344}.Debug|x64.Build.0 = Debug|Any CPU
		{D0B59A53-4D32-4DC0-A7D2-DAC21DBAA344}.Release|Any CPU.ActiveCfg = Release|Any CPU
		{D0B59A53-4D32-4DC0-A7D2-DAC21DBAA344}.Release|Any CPU.Build.0 = Release|Any CPU
		{D0B59A53-4D32-4DC0-A7D2-DAC21DBAA344}.Release|x64.ActiveCfg = Release|Any CPU
		{D0B59A53-4D32-4DC0-A7D2-DAC21DBAA344}.Release|x64.Build.0 = Release|Any CPU
	EndGlobalSection
	GlobalSection(SolutionProperties) = preSolution
		HideSolutionNode = FALSE
	EndGlobalSection
	GlobalSection(ExtensibilityGlobals) = postSolution
		SolutionGuid = {51D739A1-CDAB-418E-859D-D2615902038D}
	EndGlobalSection
EndGlobal
